
Microsoft Visual Studio Solution File, Format Version 12.00
# Visual Studio Version 16
VisualStudioVersion = 25.0.1703.8
MinimumVisualStudioVersion = 10.0.40219.1
Project("{FAE04EC0-301F-11D3-BF4B-00C04F79EFBC}") = "TaskIt.Web", "TaskIt.Web.csproj", "{3897BF44-1218-4204-97B0-1C92089FB82B}"
EndProject
Global
	GlobalSection(SolutionConfigurationPlatforms) = preSolution
		Debug|Any CPU = Debug|Any CPU
		Release|Any CPU = Release|Any CPU
	EndGlobalSection
	GlobalSection(ProjectConfigurationPlatforms) = postSolution
		{3897BF44-1218-4204-97B0-1C92089FB82B}.Debug|Any CPU.ActiveCfg = Debug|Any CPU
		{3897BF44-1218-4204-97B0-1C92089FB82B}.Debug|Any CPU.Build.0 = Debug|Any CPU
		{3897BF44-1218-4204-97B0-1C92089FB82B}.Release|Any CPU.ActiveCfg = Release|Any CPU
		{3897BF44-1218-4204-97B0-1C92089FB82B}.Release|Any CPU.Build.0 = Release|Any CPU
	EndGlobalSection
	GlobalSection(SolutionProperties) = preSolution
		HideSolutionNode = FALSE
	EndGlobalSection
	GlobalSection(ExtensibilityGlobals) = postSolution
		SolutionGuid = {FBC987B0-1076-4D2D-A96D-F4503EFE3B89}
	EndGlobalSection
EndGlobal
